
Microsoft Visual Studio Solution File, Format Version 12.00
# Visual Studio Version 17
VisualStudioVersion = 17.11.35303.130
MinimumVisualStudioVersion = 10.0.40219.1
Project("{9A19103F-16F7-4668-BE54-9A1E7A4F7556}") = "App", "App\App.csproj", "{6B4C8D79-F0B5-43AF-800E-8350AB9A920C}"
EndProject
Project("{9A19103F-16F7-4668-BE54-9A1E7A4F7556}") = "DbLib", "DbLib\DbLib.csproj", "{16CD20CB-6A5D-425F-B7C3-B305122810BB}"
EndProject
Project("{9A19103F-16F7-4668-BE54-9A1E7A4F7556}") = "DbLib.TestUnits", "DbLib.TestUnits\DbLib.TestUnits.csproj", "{FBDEB47F-1A57-4B51-AA46-2B3772BB4AE3}"
EndProject
Project("{FAE04EC0-301F-11D3-BF4B-00C04F79EFBC}") = "DbVisualizer", "DbVisualizer\DbVisualizer.csproj", "{53F99D03-6AD9-4FDD-8107-88AFFFCD29DB}"
EndProject
Project("{FAE04EC0-301F-11D3-BF4B-00C04F79EFBC}") = "Helpers", "Helpers\Helpers.csproj", "{846C035B-4174-4E7D-A896-A0422CC33F21}"
EndProject
Global
	GlobalSection(SolutionConfigurationPlatforms) = preSolution
		Debug|Any CPU = Debug|Any CPU
		Release|Any CPU = Release|Any CPU
	EndGlobalSection
	GlobalSection(ProjectConfigurationPlatforms) = postSolution
		{6B4C8D79-F0B5-43AF-800E-8350AB9A920C}.Debug|Any CPU.ActiveCfg = Debug|Any CPU
		{6B4C8D79-F0B5-43AF-800E-8350AB9A920C}.Debug|Any CPU.Build.0 = Debug|Any CPU
		{6B4C8D79-F0B5-43AF-800E-8350AB9A920C}.Release|Any CPU.ActiveCfg = Release|Any CPU
		{6B4C8D79-F0B5-43AF-800E-8350AB9A920C}.Release|Any CPU.Build.0 = Release|Any CPU
		{16CD20CB-6A5D-425F-B7C3-B305122810BB}.Debug|Any CPU.ActiveCfg = Debug|Any CPU
		{16CD20CB-6A5D-425F-B7C3-B305122810BB}.Debug|Any CPU.Build.0 = Debug|Any CPU
		{16CD20CB-6A5D-425F-B7C3-B305122810BB}.Release|Any CPU.ActiveCfg = Release|Any CPU
		{16CD20CB-6A5D-425F-B7C3-B305122810BB}.Release|Any CPU.Build.0 = Release|Any CPU
		{FBDEB47F-1A57-4B51-AA46-2B3772BB4AE3}.Debug|Any CPU.ActiveCfg = Debug|Any CPU
		{FBDEB47F-1A57-4B51-AA46-2B3772BB4AE3}.Debug|Any CPU.Build.0 = Debug|Any CPU
		{FBDEB47F-1A57-4B51-AA46-2B3772BB4AE3}.Release|Any CPU.ActiveCfg = Release|Any CPU
		{FBDEB47F-1A57-4B51-AA46-2B3772BB4AE3}.Release|Any CPU.Build.0 = Release|Any CPU
		{53F99D03-6AD9-4FDD-8107-88AFFFCD29DB}.Debug|Any CPU.ActiveCfg = Debug|Any CPU
		{53F99D03-6AD9-4FDD-8107-88AFFFCD29DB}.Debug|Any CPU.Build.0 = Debug|Any CPU
		{53F99D03-6AD9-4FDD-8107-88AFFFCD29DB}.Release|Any CPU.ActiveCfg = Release|Any CPU
		{53F99D03-6AD9-4FDD-8107-88AFFFCD29DB}.Release|Any CPU.Build.0 = Release|Any CPU
		{846C035B-4174-4E7D-A896-A0422CC33F21}.Debug|Any CPU.ActiveCfg = Debug|Any CPU
		{846C035B-4174-4E7D-A896-A0422CC33F21}.Debug|Any CPU.Build.0 = Debug|Any CPU
		{846C035B-4174-4E7D-A896-A0422CC33F21}.Release|Any CPU.ActiveCfg = Release|Any CPU
		{846C035B-4174-4E7D-A896-A0422CC33F21}.Release|Any CPU.Build.0 = Release|Any CPU
	EndGlobalSection
	GlobalSection(SolutionProperties) = preSolution
		HideSolutionNode = FALSE
	EndGlobalSection
	GlobalSection(ExtensibilityGlobals) = postSolution
		SolutionGuid = {0FD6D546-3FE3-4139-BE93-86BBC0710099}
	EndGlobalSection
EndGlobal
